
Microsoft Visual Studio Solution File, Format Version 12.00
# Visual Studio Version 17
VisualStudioVersion = 17.7.34003.232
MinimumVisualStudioVersion = 10.0.40219.1
Project("{FAE04EC0-301F-11D3-BF4B-00C04F79EFBC}") = "ExceptionPrac32", "ExceptionPrac32\ExceptionPrac32.csproj", "{BCF4E65E-1BA7-47FC-9CAA-2063ABCE779A}"
EndProject
Global
	GlobalSection(SolutionConfigurationPlatforms) = preSolution
		Debug|Any CPU = Debug|Any CPU
		Release|Any CPU = Release|Any CPU
	EndGlobalSection
	GlobalSection(ProjectConfigurationPlatforms) = postSolution
		{BCF4E65E-1BA7-47FC-9CAA-2063ABCE779A}.Debug|Any CPU.ActiveCfg = Debug|Any CPU
		{BCF4E65E-1BA7-47FC-9CAA-2063ABCE779A}.Debug|Any CPU.Build.0 = Debug|Any CPU
		{BCF4E65E-1BA7-47FC-9CAA-2063ABCE779A}.Release|Any CPU.ActiveCfg = Release|Any CPU
		{BCF4E65E-1BA7-47FC-9CAA-2063ABCE779A}.Release|Any CPU.Build.0 = Release|Any CPU
	EndGlobalSection
	GlobalSection(SolutionProperties) = preSolution
		HideSolutionNode = FALSE
	EndGlobalSection
	GlobalSection(ExtensibilityGlobals) = postSolution
		SolutionGuid = {72E0E1C1-0BB7-4DB4-B524-72177034E644}
	EndGlobalSection
EndGlobal
